
Microsoft Visual Studio Solution File, Format Version 12.00
# Visual Studio 15
VisualStudioVersion = 15.0.28010.2050
MinimumVisualStudioVersion = 10.0.40219.1
Project("{9A19103F-16F7-4668-BE54-9A1E7A4F7556}") = "PictureApp.API", "PictureApp.API\PictureApp.API.csproj", "{BE5E88D3-346F-4F8C-A2E8-3D2506729E72}"
EndProject
Project("{9A19103F-16F7-4668-BE54-9A1E7A4F7556}") = "PictureApp.API.Tests", "PictureApp.API.Tests\PictureApp.API.Tests.csproj", "{1E58771A-1F20-4933-B7F3-CFED70CBFA64}"
EndProject
Project("{9A19103F-16F7-4668-BE54-9A1E7A4F7556}") = "PictureApp.API.Services", "PictureApp.API.Services\PictureApp.API.Services.csproj", "{E54FEB1E-F080-4C27-BEDE-2D2FDC79C939}"
EndProject
Project("{9A19103F-16F7-4668-BE54-9A1E7A4F7556}") = "PictureApp.API.Data", "PictureApp.API.Data\PictureApp.API.Data.csproj", "{ACC4BF6B-2C02-4D4C-A780-A8237A35E04D}"
EndProject
Project("{9A19103F-16F7-4668-BE54-9A1E7A4F7556}") = "PictureApp.API.Models", "PictureApp.API.Models\PictureApp.API.Models.csproj", "{83E51446-7842-4E80-9B9E-E5544023EE4A}"
EndProject
Project("{9A19103F-16F7-4668-BE54-9A1E7A4F7556}") = "PictureApp.API.Providers", "PictureApp.API.Providers\PictureApp.API.Providers.csproj", "{94BF57A8-9E48-4FDF-A3A1-D48B1ED4F63C}"
EndProject
Project("{9A19103F-16F7-4668-BE54-9A1E7A4F7556}") = "PictureApp.API.Extensions", "PictureApp.API.Extensions\PictureApp.API.Extensions.csproj", "{79BC3F56-01CB-4D73-B3BD-7D7F2C8D608C}"
EndProject
Project("{9A19103F-16F7-4668-BE54-9A1E7A4F7556}") = "PictureApp.API.Dtos", "PictureApp.API.Dtos\PictureApp.API.Dtos.csproj", "{E0A8D474-CE98-4B76-BC70-D2AD8A8039C5}"
EndProject
Project("{9A19103F-16F7-4668-BE54-9A1E7A4F7556}") = "PictureApp.Messaging", "PictureApp.Messaging\PictureApp.Messaging.csproj", "{DBA77C92-C7D8-4F22-93C9-FFC365F9D156}"
EndProject
Project("{FAE04EC0-301F-11D3-BF4B-00C04F79EFBC}") = "PictureApp.Notifications", "PictureApp.Notifications\PictureApp.Notifications.csproj", "{C7342E39-4829-4670-B9B7-C25E0521D03C}"
EndProject
Global
	GlobalSection(SolutionConfigurationPlatforms) = preSolution
		Debug|Any CPU = Debug|Any CPU
		Release|Any CPU = Release|Any CPU
	EndGlobalSection
	GlobalSection(ProjectConfigurationPlatforms) = postSolution
		{BE5E88D3-346F-4F8C-A2E8-3D2506729E72}.Debug|Any CPU.ActiveCfg = Debug|Any CPU
		{BE5E88D3-346F-4F8C-A2E8-3D2506729E72}.Debug|Any CPU.Build.0 = Debug|Any CPU
		{BE5E88D3-346F-4F8C-A2E8-3D2506729E72}.Release|Any CPU.ActiveCfg = Release|Any CPU
		{BE5E88D3-346F-4F8C-A2E8-3D2506729E72}.Release|Any CPU.Build.0 = Release|Any CPU
		{1E58771A-1F20-4933-B7F3-CFED70CBFA64}.Debug|Any CPU.ActiveCfg = Debug|Any CPU
		{1E58771A-1F20-4933-B7F3-CFED70CBFA64}.Debug|Any CPU.Build.0 = Debug|Any CPU
		{1E58771A-1F20-4933-B7F3-CFED70CBFA64}.Release|Any CPU.ActiveCfg = Release|Any CPU
		{1E58771A-1F20-4933-B7F3-CFED70CBFA64}.Release|Any CPU.Build.0 = Release|Any CPU
		{E54FEB1E-F080-4C27-BEDE-2D2FDC79C939}.Debug|Any CPU.ActiveCfg = Debug|Any CPU
		{E54FEB1E-F080-4C27-BEDE-2D2FDC79C939}.Debug|Any CPU.Build.0 = Debug|Any CPU
		{E54FEB1E-F080-4C27-BEDE-2D2FDC79C939}.Release|Any CPU.ActiveCfg = Release|Any CPU
		{E54FEB1E-F080-4C27-BEDE-2D2FDC79C939}.Release|Any CPU.Build.0 = Release|Any CPU
		{ACC4BF6B-2C02-4D4C-A780-A8237A35E04D}.Debug|Any CPU.ActiveCfg = Debug|Any CPU
		{ACC4BF6B-2C02-4D4C-A780-A8237A35E04D}.Debug|Any CPU.Build.0 = Debug|Any CPU
		{ACC4BF6B-2C02-4D4C-A780-A8237A35E04D}.Release|Any CPU.ActiveCfg = Release|Any CPU
		{ACC4BF6B-2C02-4D4C-A780-A8237A35E04D}.Release|Any CPU.Build.0 = Release|Any CPU
		{83E51446-7842-4E80-9B9E-E5544023EE4A}.Debug|Any CPU.ActiveCfg = Debug|Any CPU
		{83E51446-7842-4E80-9B9E-E5544023EE4A}.Debug|Any CPU.Build.0 = Debug|Any CPU
		{83E51446-7842-4E80-9B9E-E5544023EE4A}.Release|Any CPU.ActiveCfg = Release|Any CPU
		{83E51446-7842-4E80-9B9E-E5544023EE4A}.Release|Any CPU.Build.0 = Release|Any CPU
		{94BF57A8-9E48-4FDF-A3A1-D48B1ED4F63C}.Debug|Any CPU.ActiveCfg = Debug|Any CPU
		{94BF57A8-9E48-4FDF-A3A1-D48B1ED4F63C}.Debug|Any CPU.Build.0 = Debug|Any CPU
		{94BF57A8-9E48-4FDF-A3A1-D48B1ED4F63C}.Release|Any CPU.ActiveCfg = Release|Any CPU
		{94BF57A8-9E48-4FDF-A3A1-D48B1ED4F63C}.Release|Any CPU.Build.0 = Release|Any CPU
		{79BC3F56-01CB-4D73-B3BD-7D7F2C8D608C}.Debug|Any CPU.ActiveCfg = Debug|Any CPU
		{79BC3F56-01CB-4D73-B3BD-7D7F2C8D608C}.Debug|Any CPU.Build.0 = Debug|Any CPU
		{79BC3F56-01CB-4D73-B3BD-7D7F2C8D608C}.Release|Any CPU.ActiveCfg = Release|Any CPU
		{79BC3F56-01CB-4D73-B3BD-7D7F2C8D608C}.Release|Any CPU.Build.0 = Release|Any CPU
		{E0A8D474-CE98-4B76-BC70-D2AD8A8039C5}.Debug|Any CPU.ActiveCfg = Debug|Any CPU
		{E0A8D474-CE98-4B76-BC70-D2AD8A8039C5}.Debug|Any CPU.Build.0 = Debug|Any CPU
		{E0A8D474-CE98-4B76-BC70-D2AD8A8039C5}.Release|Any CPU.ActiveCfg = Release|Any CPU
		{E0A8D474-CE98-4B76-BC70-D2AD8A8039C5}.Release|Any CPU.Build.0 = Release|Any CPU
		{DBA77C92-C7D8-4F22-93C9-FFC365F9D156}.Debug|Any CPU.ActiveCfg = Debug|Any CPU
		{DBA77C92-C7D8-4F22-93C9-FFC365F9D156}.Debug|Any CPU.Build.0 = Debug|Any CPU
		{DBA77C92-C7D8-4F22-93C9-FFC365F9D156}.Release|Any CPU.ActiveCfg = Release|Any CPU
		{DBA77C92-C7D8-4F22-93C9-FFC365F9D156}.Release|Any CPU.Build.0 = Release|Any CPU
		{C7342E39-4829-4670-B9B7-C25E0521D03C}.Debug|Any CPU.ActiveCfg = Debug|Any CPU
		{C7342E39-4829-4670-B9B7-C25E0521D03C}.Debug|Any CPU.Build.0 = Debug|Any CPU
		{C7342E39-4829-4670-B9B7-C25E0521D03C}.Release|Any CPU.ActiveCfg = Release|Any CPU
		{C7342E39-4829-4670-B9B7-C25E0521D03C}.Release|Any CPU.Build.0 = Release|Any CPU
	EndGlobalSection
	GlobalSection(SolutionProperties) = preSolution
		HideSolutionNode = FALSE
	EndGlobalSection
	GlobalSection(ExtensibilityGlobals) = postSolution
		SolutionGuid = {0D4F366E-B1AF-43C1-AF19-D54F1B8B1DE3}
	EndGlobalSection
EndGlobal
